
Microsoft Visual Studio Solution File, Format Version 12.00
# Visual Studio Version 17
VisualStudioVersion = 17.11.35303.130
MinimumVisualStudioVersion = 10.0.40219.1
Project("{FAE04EC0-301F-11D3-BF4B-00C04F79EFBC}") = "ShareYourText", "ShareYourText\ShareYourText.csproj", "{AB5FD0D2-709F-43FA-A5D5-FD1982BCB7B9}"
EndProject
Global
	GlobalSection(SolutionConfigurationPlatforms) = preSolution
		Debug|Any CPU = Debug|Any CPU
		Release|Any CPU = Release|Any CPU
	EndGlobalSection
	GlobalSection(ProjectConfigurationPlatforms) = postSolution
		{AB5FD0D2-709F-43FA-A5D5-FD1982BCB7B9}.Debug|Any CPU.ActiveCfg = Debug|Any CPU
		{AB5FD0D2-709F-43FA-A5D5-FD1982BCB7B9}.Debug|Any CPU.Build.0 = Debug|Any CPU
		{AB5FD0D2-709F-43FA-A5D5-FD1982BCB7B9}.Release|Any CPU.ActiveCfg = Release|Any CPU
		{AB5FD0D2-709F-43FA-A5D5-FD1982BCB7B9}.Release|Any CPU.Build.0 = Release|Any CPU
	EndGlobalSection
	GlobalSection(SolutionProperties) = preSolution
		HideSolutionNode = FALSE
	EndGlobalSection
	GlobalSection(ExtensibilityGlobals) = postSolution
		SolutionGuid = {89B7C943-69C2-48D6-A420-990B2DA0533A}
	EndGlobalSection
EndGlobal
